lockfileVersion: '9.0'

settings:
  autoInstallPeers: true
  excludeLinksFromLockfile: false

importers:

  .:
    dependencies:
      hono:
        specifier: ^4.7.8
        version: 4.7.8

packages:

  hono@4.7.8:
    resolution: {integrity: sha512-PCibtFdxa7/Ldud9yddl1G81GjYaeMYYTq4ywSaNsYbB1Lug4mwtOMJf2WXykL0pntYwmpRJeOI3NmoDgD+Jxw==}
    engines: {node: '>=16.9.0'}

snapshots:

  hono@4.7.8: {}
